// !$*UTF8*$!
{
	archiveVersion = 1;
	classes = {
	};
	objectVersion = 51;
	objects = {

/* Begin PBXBuildFile section */
		820A67B2272C861700E9918C /* SignUpViewController.swift in Sources */ = {isa = PBXBuildFile; fileRef = 820A67B1272C861700E9918C /* SignUpViewController.swift */; };
		820A67B6272C863100E9918C /* LogInViewController.swift in Sources */ = {isa = PBXBuildFile; fileRef = 820A67B5272C863100E9918C /* LogInViewController.swift */; };
		820A67C2272C998D00E9918C /* Validation.swift in Sources */ = {isa = PBXBuildFile; fileRef = 820A67C1272C998D00E9918C /* Validation.swift */; };
		825090D8272DEAB6004E5C9A /* Styling.swift in Sources */ = {isa = PBXBuildFile; fileRef = 825090D7272DEAB6004E5C9A /* Styling.swift */; };
		8273D3D7274DB1460070056F /* AddItemViewController.swift in Sources */ = {isa = PBXBuildFile; fileRef = 8273D3D6274DB1460070056F /* AddItemViewController.swift */; };
		828853342773D908000492C3 /* loading.json in Resources */ = {isa = PBXBuildFile; fileRef = 828853332773D908000492C3 /* loading.json */; };
		828853382773F8C7000492C3 /* done.json in Resources */ = {isa = PBXBuildFile; fileRef = 828853372773F8C7000492C3 /* done.json */; };
		8288533C2773F91A000492C3 /* CustomAnimation.swift in Sources */ = {isa = PBXBuildFile; fileRef = 8288533B2773F919000492C3 /* CustomAnimation.swift */; };
		829E31E52726C15A00CBC0C8 /* AppDelegate.swift in Sources */ = {isa = PBXBuildFile; fileRef = 829E31E42726C15A00CBC0C8 /* AppDelegate.swift */; };
		829E31E72726C15A00CBC0C8 /* SceneDelegate.swift in Sources */ = {isa = PBXBuildFile; fileRef = 829E31E62726C15A00CBC0C8 /* SceneDelegate.swift */; };
		829E31E92726C15A00CBC0C8 /* ViewController.swift in Sources */ = {isa = PBXBuildFile; fileRef = 829E31E82726C15A00CBC0C8 /* ViewController.swift */; };
		829E31EE2726C15C00CBC0C8 /* Assets.xcassets in Resources */ = {isa = PBXBuildFile; fileRef = 829E31ED2726C15C00CBC0C8 /* Assets.xcassets */; };
		829E31F12726C15C00CBC0C8 /* LaunchScreen.storyboard in Resources */ = {isa = PBXBuildFile; fileRef = 829E31EF2726C15C00CBC0C8 /* LaunchScreen.storyboard */; };
		82A393A2273DB64B00C16A74 /* Main.storyboard in Resources */ = {isa = PBXBuildFile; fileRef = 82A393A0273DB64B00C16A74 /* Main.storyboard */; };
		82A393A6273DF8F300C16A74 /* HomeViewController.swift in Sources */ = {isa = PBXBuildFile; fileRef = 82A393A5273DF8F300C16A74 /* HomeViewController.swift */; };
		82A393A8273E061300C16A74 /* HomeTabsViewController.swift in Sources */ = {isa = PBXBuildFile; fileRef = 82A393A7273E061300C16A74 /* HomeTabsViewController.swift */; };
		82B050422771264200EA4E6D /* UserItems.swift in Sources */ = {isa = PBXBuildFile; fileRef = 82B050412771264200EA4E6D /* UserItems.swift */; };
		82C83E142731C77500733D54 /* GoogleService-Info.plist in Resources */ = {isa = PBXBuildFile; fileRef = 82C83E132731C77500733D54 /* GoogleService-Info.plist */; };
		82FABC7A27616E8D0096E594 /* MyItemsViewController.swift in Sources */ = {isa = PBXBuildFile; fileRef = 82FABC7927616E8D0096E594 /* MyItemsViewController.swift */; };
		82FABC7D2761807C0096E594 /* MyCollectionViewCell.swift in Sources */ = {isa = PBXBuildFile; fileRef = 82FABC7B2761807C0096E594 /* MyCollectionViewCell.swift */; };
		82FABC8027618B270096E594 /* UserItem.swift in Sources */ = {isa = PBXBuildFile; fileRef = 82FABC7F27618B270096E594 /* UserItem.swift */; };
		A5A9F0FE34DFB2C40F59078B /* Pods_food_share.framework in Frameworks */ = {isa = PBXBuildFile; fileRef = C3BBC12AEEC2B6EE425778BF /* Pods_food_share.framework */; };
/* End PBXBuildFile section */

/* Begin PBXFileReference section */
		58CE15DEF284FDF59357AF5D /* Pods-food-share-food-shareUITests.debug.xcconfig */ = {isa = PBXFileReference; includeInIndex = 1; lastKnownFileType = text.xcconfig; name = "Pods-food-share-food-shareUITests.debug.xcconfig"; path = "Target Support Files/Pods-food-share-food-shareUITests/Pods-food-share-food-shareUITests.debug.xcconfig"; sourceTree = "<group>"; };
		820A67B1272C861700E9918C /* SignUpViewController.swift */ = {isa = PBXFileReference; lastKnownFileType = sourcecode.swift; path = SignUpViewController.swift; sourceTree = "<group>"; };
		820A67B5272C863100E9918C /* LogInViewController.swift */ = {isa = PBXFileReference; lastKnownFileType = sourcecode.swift; path = LogInViewController.swift; sourceTree = "<group>"; };
		820A67C1272C998D00E9918C /* Validation.swift */ = {isa = PBXFileReference; lastKnownFileType = sourcecode.swift; path = Validation.swift; sourceTree = "<group>"; };
		825090D7272DEAB6004E5C9A /* Styling.swift */ = {isa = PBXFileReference; fileEncoding = 4; lastKnownFileType = sourcecode.swift; path = Styling.swift; sourceTree = "<group>"; };
		8273D3D6274DB1460070056F /* AddItemViewController.swift */ = {isa = PBXFileReference; lastKnownFileType = sourcecode.swift; path = AddItemViewController.swift; sourceTree = "<group>"; };
		828853332773D908000492C3 /* loading.json */ = {isa = PBXFileReference; fileEncoding = 4; lastKnownFileType = text.json; path = loading.json; sourceTree = "<group>"; };
		828853372773F8C7000492C3 /* done.json */ = {isa = PBXFileReference; fileEncoding = 4; lastKnownFileType = text.json; path = done.json; sourceTree = "<group>"; };
		8288533B2773F919000492C3 /* CustomAnimation.swift */ = {isa = PBXFileReference; fileEncoding = 4; lastKnownFileType = sourcecode.swift; path = CustomAnimation.swift; sourceTree = "<group>"; };
		829E31E12726C15A00CBC0C8 /* food-share.app */ = {isa = PBXFileReference; explicitFileType = wrapper.application; includeInIndex = 0; path = "food-share.app"; sourceTree = BUILT_PRODUCTS_DIR; };
		829E31E42726C15A00CBC0C8 /* AppDelegate.swift */ = {isa = PBXFileReference; lastKnownFileType = sourcecode.swift; path = AppDelegate.swift; sourceTree = "<group>"; };
		829E31E62726C15A00CBC0C8 /* SceneDelegate.swift */ = {isa = PBXFileReference; lastKnownFileType = sourcecode.swift; path = SceneDelegate.swift; sourceTree = "<group>"; };
		829E31E82726C15A00CBC0C8 /* ViewController.swift */ = {isa = PBXFileReference; lastKnownFileType = sourcecode.swift; path = ViewController.swift; sourceTree = "<group>"; };
		829E31ED2726C15C00CBC0C8 /* Assets.xcassets */ = {isa = PBXFileReference; lastKnownFileType = folder.assetcatalog; path = Assets.xcassets; sourceTree = "<group>"; };
		829E31F02726C15C00CBC0C8 /* Base */ = {isa = PBXFileReference; lastKnownFileType = file.storyboard; name = Base; path = Base.lproj/LaunchScreen.storyboard; sourceTree = "<group>"; };
		829E31F22726C15C00CBC0C8 /* Info.plist */ = {isa = PBXFileReference; lastKnownFileType = text.plist.xml; path = Info.plist; sourceTree = "<group>"; };
		82A393A1273DB64B00C16A74 /* Base */ = {isa = PBXFileReference; lastKnownFileType = file.storyboard; name = Base; path = Base.lproj/Main.storyboard; sourceTree = "<group>"; };
		82A393A5273DF8F300C16A74 /* HomeViewController.swift */ = {isa = PBXFileReference; lastKnownFileType = sourcecode.swift; path = HomeViewController.swift; sourceTree = "<group>"; };
		82A393A7273E061300C16A74 /* HomeTabsViewController.swift */ = {isa = PBXFileReference; fileEncoding = 4; lastKnownFileType = sourcecode.swift; path = HomeTabsViewController.swift; sourceTree = "<group>"; };
		82B050412771264200EA4E6D /* UserItems.swift */ = {isa = PBXFileReference; lastKnownFileType = sourcecode.swift; path = UserItems.swift; sourceTree = "<group>"; };
		82C83E132731C77500733D54 /* GoogleService-Info.plist */ = {isa = PBXFileReference; fileEncoding = 4; lastKnownFileType = text.plist.xml; path = "GoogleService-Info.plist"; sourceTree = "<group>"; };
		82FABC7927616E8D0096E594 /* MyItemsViewController.swift */ = {isa = PBXFileReference; lastKnownFileType = sourcecode.swift; path = MyItemsViewController.swift; sourceTree = "<group>"; };
		82FABC7B2761807C0096E594 /* MyCollectionViewCell.swift */ = {isa = PBXFileReference; lastKnownFileType = sourcecode.swift; path = MyCollectionViewCell.swift; sourceTree = "<group>"; };
		82FABC7F27618B270096E594 /* UserItem.swift */ = {isa = PBXFileReference; lastKnownFileType = sourcecode.swift; path = UserItem.swift; sourceTree = "<group>"; };
		9DD87D06B622A82C06474D9A /* Pods-food-share.debug.xcconfig */ = {isa = PBXFileReference; includeInIndex = 1; lastKnownFileType = text.xcconfig; name = "Pods-food-share.debug.xcconfig"; path = "Target Support Files/Pods-food-share/Pods-food-share.debug.xcconfig"; sourceTree = "<group>"; };
		C3BBC12AEEC2B6EE425778BF /* Pods_food_share.framework */ = {isa = PBXFileReference; explicitFileType = wrapper.framework; includeInIndex = 0; path = Pods_food_share.framework; sourceTree = BUILT_PRODUCTS_DIR; };
		E5224670AEC24F9A57F95DC7 /* Pods-food-share-food-shareUITests.release.xcconfig */ = {isa = PBXFileReference; includeInIndex = 1; lastKnownFileType = text.xcconfig; name = "Pods-food-share-food-shareUITests.release.xcconfig"; path = "Target Support Files/Pods-food-share-food-shareUITests/Pods-food-share-food-shareUITests.release.xcconfig"; sourceTree = "<group>"; };
		FE0EC75515FAA7DF743FD8CB /* Pods-food-share.release.xcconfig */ = {isa = PBXFileReference; includeInIndex = 1; lastKnownFileType = text.xcconfig; name = "Pods-food-share.release.xcconfig"; path = "Target Support Files/Pods-food-share/Pods-food-share.release.xcconfig"; sourceTree = "<group>"; };
/* End PBXFileReference section */

/* Begin PBXFrameworksBuildPhase section */
		829E31DE2726C15900CBC0C8 /* Frameworks */ = {
			isa = PBXFrameworksBuildPhase;
			buildActionMask = 2147483647;
			files = (
				A5A9F0FE34DFB2C40F59078B /* Pods_food_share.framework in Frameworks */,
			);
			runOnlyForDeploymentPostprocessing = 0;
		};
/* End PBXFrameworksBuildPhase section */

/* Begin PBXGroup section */
		15EBD0E651231A68047045C7 /* Frameworks */ = {
			isa = PBXGroup;
			children = (
				C3BBC12AEEC2B6EE425778BF /* Pods_food_share.framework */,
			);
			name = Frameworks;
			sourceTree = "<group>";
		};
		820A67BD272C865200E9918C /* Controller */ = {
			isa = PBXGroup;
			children = (
				82A393A7273E061300C16A74 /* HomeTabsViewController.swift */,
				829E31E82726C15A00CBC0C8 /* ViewController.swift */,
				820A67B1272C861700E9918C /* SignUpViewController.swift */,
				820A67B5272C863100E9918C /* LogInViewController.swift */,
				82A393A5273DF8F300C16A74 /* HomeViewController.swift */,
				8273D3D6274DB1460070056F /* AddItemViewController.swift */,
				82FABC7927616E8D0096E594 /* MyItemsViewController.swift */,
				82FABC7B2761807C0096E594 /* MyCollectionViewCell.swift */,
			);
			path = Controller;
			sourceTree = "<group>";
		};
		820A67BE272C901100E9918C /* Model */ = {
			isa = PBXGroup;
			children = (
				82FABC7F27618B270096E594 /* UserItem.swift */,
				82B050412771264200EA4E6D /* UserItems.swift */,
			);
			path = Model;
			sourceTree = "<group>";
		};
		820A67BF272C901700E9918C /* View */ = {
			isa = PBXGroup;
			children = (
				82A393A0273DB64B00C16A74 /* Main.storyboard */,
			);
			path = View;
			sourceTree = "<group>";
		};
		820A67C0272C902000E9918C /* Helper */ = {
			isa = PBXGroup;
			children = (
				828853332773D908000492C3 /* loading.json */,
				828853372773F8C7000492C3 /* done.json */,
				825090D7272DEAB6004E5C9A /* Styling.swift */,
				8288533B2773F919000492C3 /* CustomAnimation.swift */,
				820A67C1272C998D00E9918C /* Validation.swift */,
			);
			path = Helper;
			sourceTree = "<group>";
		};
		829E31D82726C15900CBC0C8 = {
			isa = PBXGroup;
			children = (
				82C83E132731C77500733D54 /* GoogleService-Info.plist */,
				829E31E32726C15A00CBC0C8 /* food-share */,
				829E31E22726C15A00CBC0C8 /* Products */,
				EF0FB99E7DB0C3E486A752AE /* Pods */,
				15EBD0E651231A68047045C7 /* Frameworks */,
			);
			sourceTree = "<group>";
		};
		829E31E22726C15A00CBC0C8 /* Products */ = {
			isa = PBXGroup;
			children = (
				829E31E12726C15A00CBC0C8 /* food-share.app */,
			);
			name = Products;
			sourceTree = "<group>";
		};
		829E31E32726C15A00CBC0C8 /* food-share */ = {
			isa = PBXGroup;
			children = (
				820A67BE272C901100E9918C /* Model */,
				820A67BF272C901700E9918C /* View */,
				820A67BD272C865200E9918C /* Controller */,
				820A67C0272C902000E9918C /* Helper */,
				829E31E42726C15A00CBC0C8 /* AppDelegate.swift */,
				829E31E62726C15A00CBC0C8 /* SceneDelegate.swift */,
				829E31ED2726C15C00CBC0C8 /* Assets.xcassets */,
				829E31EF2726C15C00CBC0C8 /* LaunchScreen.storyboard */,
				829E31F22726C15C00CBC0C8 /* Info.plist */,
			);
			path = "food-share";
			sourceTree = "<group>";
		};
		EF0FB99E7DB0C3E486A752AE /* Pods */ = {
			isa = PBXGroup;
			children = (
				9DD87D06B622A82C06474D9A /* Pods-food-share.debug.xcconfig */,
				FE0EC75515FAA7DF743FD8CB /* Pods-food-share.release.xcconfig */,
				58CE15DEF284FDF59357AF5D /* Pods-food-share-food-shareUITests.debug.xcconfig */,
				E5224670AEC24F9A57F95DC7 /* Pods-food-share-food-shareUITests.release.xcconfig */,
			);
			path = Pods;
			sourceTree = "<group>";
		};
/* End PBXGroup section */

/* Begin PBXNativeTarget section */
		829E31E02726C15900CBC0C8 /* food-share */ = {
			isa = PBXNativeTarget;
			buildConfigurationList = 829E320B2726C15C00CBC0C8 /* Build configuration list for PBXNativeTarget "food-share" */;
			buildPhases = (
				46E956ED8C3922034856E164 /* [CP] Check Pods Manifest.lock */,
				829E31DD2726C15900CBC0C8 /* Sources */,
				829E31DE2726C15900CBC0C8 /* Frameworks */,
				829E31DF2726C15900CBC0C8 /* Resources */,
				86C93BF60F863675903688C9 /* [CP] Embed Pods Frameworks */,
			);
			buildRules = (
			);
			dependencies = (
			);
			name = "food-share";
			productName = "food-share";
			productReference = 829E31E12726C15A00CBC0C8 /* food-share.app */;
			productType = "com.apple.product-type.application";
		};
/* End PBXNativeTarget section */

/* Begin PBXProject section */
		829E31D92726C15900CBC0C8 /* Project object */ = {
			isa = PBXProject;
			attributes = {
				LastSwiftUpdateCheck = 1250;
				LastUpgradeCheck = 1250;
				TargetAttributes = {
					829E31E02726C15900CBC0C8 = {
						CreatedOnToolsVersion = 12.5.1;
					};
				};
			};
			buildConfigurationList = 829E31DC2726C15900CBC0C8 /* Build configuration list for PBXProject "food-share" */;
			compatibilityVersion = "Xcode 9.3";
			developmentRegion = en;
			hasScannedForEncodings = 0;
			knownRegions = (
				en,
				Base,
			);
			mainGroup = 829E31D82726C15900CBC0C8;
			productRefGroup = 829E31E22726C15A00CBC0C8 /* Products */;
			projectDirPath = "";
			projectRoot = "";
			targets = (
				829E31E02726C15900CBC0C8 /* food-share */,
			);
		};
/* End PBXProject section */

/* Begin PBXResourcesBuildPhase section */
		829E31DF2726C15900CBC0C8 /* Resources */ = {
			isa = PBXResourcesBuildPhase;
			buildActionMask = 2147483647;
			files = (
				829E31F12726C15C00CBC0C8 /* LaunchScreen.storyboard in Resources */,
				828853382773F8C7000492C3 /* done.json in Resources */,
				82C83E142731C77500733D54 /* GoogleService-Info.plist in Resources */,
				828853342773D908000492C3 /* loading.json in Resources */,
				829E31EE2726C15C00CBC0C8 /* Assets.xcassets in Resources */,
				82A393A2273DB64B00C16A74 /* Main.storyboard in Resources */,
			);
			runOnlyForDeploymentPostprocessing = 0;
		};
/* End PBXResourcesBuildPhase section */

/* Begin PBXShellScriptBuildPhase section */
		46E956ED8C3922034856E164 /* [CP] Check Pods Manifest.lock */ = {
			isa = PBXShellScriptBuildPhase;
			buildActionMask = 2147483647;
			files = (
			);
			inputFileListPaths = (
			);
			inputPaths = (
				"${PODS_PODFILE_DIR_PATH}/Podfile.lock",
				"${PODS_ROOT}/Manifest.lock",
			);
			name = "[CP] Check Pods Manifest.lock";
			outputFileListPaths = (
			);
			outputPaths = (
				"$(DERIVED_FILE_DIR)/Pods-food-share-checkManifestLockResult.txt",
			);
			runOnlyForDeploymentPostprocessing = 0;
			shellPath = /bin/sh;
			shellScript = "diff \"${PODS_PODFILE_DIR_PATH}/Podfile.lock\" \"${PODS_ROOT}/Manifest.lock\" > /dev/null\nif [ $? != 0 ] ; then\n    # print error to STDERR\n    echo \"error: The sandbox is not in sync with the Podfile.lock. Run 'pod install' or update your CocoaPods installation.\" >&2\n    exit 1\nfi\n# This output is used by Xcode 'outputs' to avoid re-running this script phase.\necho \"SUCCESS\" > \"${SCRIPT_OUTPUT_FILE_0}\"\n";
			showEnvVarsInLog = 0;
		};
		86C93BF60F863675903688C9 /* [CP] Embed Pods Frameworks */ = {
			isa = PBXShellScriptBuildPhase;
			buildActionMask = 2147483647;
			files = (
			);
			inputFileListPaths = (
				"${PODS_ROOT}/Target Support Files/Pods-food-share/Pods-food-share-frameworks-${CONFIGURATION}-input-files.xcfilelist",
			);
			name = "[CP] Embed Pods Frameworks";
			outputFileListPaths = (
				"${PODS_ROOT}/Target Support Files/Pods-food-share/Pods-food-share-frameworks-${CONFIGURATION}-output-files.xcfilelist",
			);
			runOnlyForDeploymentPostprocessing = 0;
			shellPath = /bin/sh;
			shellScript = "\"${PODS_ROOT}/Target Support Files/Pods-food-share/Pods-food-share-frameworks.sh\"\n";
			showEnvVarsInLog = 0;
		};
/* End PBXShellScriptBuildPhase section */

/* Begin PBXSourcesBuildPhase section */
		829E31DD2726C15900CBC0C8 /* Sources */ = {
			isa = PBXSourcesBuildPhase;
			buildActionMask = 2147483647;
			files = (
				825090D8272DEAB6004E5C9A /* Styling.swift in Sources */,
				82A393A8273E061300C16A74 /* HomeTabsViewController.swift in Sources */,
				82FABC7D2761807C0096E594 /* MyCollectionViewCell.swift in Sources */,
				829E31E92726C15A00CBC0C8 /* ViewController.swift in Sources */,
				829E31E52726C15A00CBC0C8 /* AppDelegate.swift in Sources */,
				820A67B2272C861700E9918C /* SignUpViewController.swift in Sources */,
				82FABC8027618B270096E594 /* UserItem.swift in Sources */,
				8273D3D7274DB1460070056F /* AddItemViewController.swift in Sources */,
				820A67B6272C863100E9918C /* LogInViewController.swift in Sources */,
				82B050422771264200EA4E6D /* UserItems.swift in Sources */,
				82FABC7A27616E8D0096E594 /* MyItemsViewController.swift in Sources */,
				82A393A6273DF8F300C16A74 /* HomeViewController.swift in Sources */,
				829E31E72726C15A00CBC0C8 /* SceneDelegate.swift in Sources */,
				820A67C2272C998D00E9918C /* Validation.swift in Sources */,
				8288533C2773F91A000492C3 /* CustomAnimation.swift in Sources */,
			);
			runOnlyForDeploymentPostprocessing = 0;
		};
/* End PBXSourcesBuildPhase section */

/* Begin PBXVariantGroup section */
		829E31EF2726C15C00CBC0C8 /* LaunchScreen.storyboard */ = {
			isa = PBXVariantGroup;
			children = (
				829E31F02726C15C00CBC0C8 /* Base */,
			);
			name = LaunchScreen.storyboard;
			sourceTree = "<group>";
		};
		82A393A0273DB64B00C16A74 /* Main.storyboard */ = {
			isa = PBXVariantGroup;
			children = (
				82A393A1273DB64B00C16A74 /* Base */,
			);
			name = Main.storyboard;
			sourceTree = "<group>";
		};
/* End PBXVariantGroup section */

/* Begin XCBuildConfiguration section */
		829E32092726C15C00CBC0C8 /* Debug */ = {
			isa = XCBuildConfiguration;
			buildSettings = {
				ALWAYS_SEARCH_USER_PATHS = NO;
				CLANG_ANALYZER_NONNULL = YES;
				CLANG_ANALYZER_NUMBER_OBJECT_CONVERSION = YES_AGGRESSIVE;
				CLANG_CXX_LANGUAGE_STANDARD = "gnu++14";
				CLANG_CXX_LIBRARY = "libc++";
				CLANG_ENABLE_MODULES = YES;
				CLANG_ENABLE_OBJC_ARC = YES;
				CLANG_ENABLE_OBJC_WEAK = YES;
				CLANG_WARN_BLOCK_CAPTURE_AUTORELEASING = YES;
				CLANG_WARN_BOOL_CONVERSION = YES;
				CLANG_WARN_COMMA = YES;
				CLANG_WARN_CONSTANT_CONVERSION = YES;
				CLANG_WARN_DEPRECATED_OBJC_IMPLEMENTATIONS = YES;
				CLANG_WARN_DIRECT_OBJC_ISA_USAGE = YES_ERROR;
				CLANG_WARN_DOCUMENTATION_COMMENTS = YES;
				CLANG_WARN_EMPTY_BODY = YES;
				CLANG_WARN_ENUM_CONVERSION = YES;
				CLANG_WARN_INFINITE_RECURSION = YES;
				CLANG_WARN_INT_CONVERSION = YES;
				CLANG_WARN_NON_LITERAL_NULL_CONVERSION = YES;
				CLANG_WARN_OBJC_IMPLICIT_RETAIN_SELF = YES;
				CLANG_WARN_OBJC_LITERAL_CONVERSION = YES;
				CLANG_WARN_OBJC_ROOT_CLASS = YES_ERROR;
				CLANG_WARN_QUOTED_INCLUDE_IN_FRAMEWORK_HEADER = YES;
				CLANG_WARN_RANGE_LOOP_ANALYSIS = YES;
				CLANG_WARN_STRICT_PROTOTYPES = YES;
				CLANG_WARN_SUSPICIOUS_MOVE = YES;
				CLANG_WARN_UNGUARDED_AVAILABILITY = YES_AGGRESSIVE;
				CLANG_WARN_UNREACHABLE_CODE = YES;
				CLANG_WARN__DUPLICATE_METHOD_MATCH = YES;
				COPY_PHASE_STRIP = NO;
				DEBUG_INFORMATION_FORMAT = dwarf;
				ENABLE_STRICT_OBJC_MSGSEND = YES;
				ENABLE_TESTABILITY = YES;
				GCC_C_LANGUAGE_STANDARD = gnu11;
				GCC_DYNAMIC_NO_PIC = NO;
				GCC_NO_COMMON_BLOCKS = YES;
				GCC_OPTIMIZATION_LEVEL = 0;
				GCC_PREPROCESSOR_DEFINITIONS = (
					"DEBUG=1",
					"$(inherited)",
				);
				GCC_WARN_64_TO_32_BIT_CONVERSION = YES;
				GCC_WARN_ABOUT_RETURN_TYPE = YES_ERROR;
				GCC_WARN_UNDECLARED_SELECTOR = YES;
				GCC_WARN_UNINITIALIZED_AUTOS = YES_AGGRESSIVE;
				GCC_WARN_UNUSED_FUNCTION = YES;
				GCC_WARN_UNUSED_VARIABLE = YES;
				IPHONEOS_DEPLOYMENT_TARGET = 14.5;
				MTL_ENABLE_DEBUG_INFO = INCLUDE_SOURCE;
				MTL_FAST_MATH = YES;
				ONLY_ACTIVE_ARCH = YES;
				SDKROOT = iphoneos;
				SWIFT_ACTIVE_COMPILATION_CONDITIONS = DEBUG;
				SWIFT_OPTIMIZATION_LEVEL = "-Onone";
			};
			name = Debug;
		};
		829E320A2726C15C00CBC0C8 /* Release */ = {
			isa = XCBuildConfiguration;
			buildSettings = {
				ALWAYS_SEARCH_USER_PATHS = NO;
				CLANG_ANALYZER_NONNULL = YES;
				CLANG_ANALYZER_NUMBER_OBJECT_CONVERSION = YES_AGGRESSIVE;
				CLANG_CXX_LANGUAGE_STANDARD = "gnu++14";
				CLANG_CXX_LIBRARY = "libc++";
				CLANG_ENABLE_MODULES = YES;
				CLANG_ENABLE_OBJC_ARC = YES;
				CLANG_ENABLE_OBJC_WEAK = YES;
				CLANG_WARN_BLOCK_CAPTURE_AUTORELEASING = YES;
				CLANG_WARN_BOOL_CONVERSION = YES;
				CLANG_WARN_COMMA = YES;
				CLANG_WARN_CONSTANT_CONVERSION = YES;
				CLANG_WARN_DEPRECATED_OBJC_IMPLEMENTATIONS = YES;
				CLANG_WARN_DIRECT_OBJC_ISA_USAGE = YES_ERROR;
				CLANG_WARN_DOCUMENTATION_COMMENTS = YES;
				CLANG_WARN_EMPTY_BODY = YES;
				CLANG_WARN_ENUM_CONVERSION = YES;
				CLANG_WARN_INFINITE_RECURSION = YES;
				CLANG_WARN_INT_CONVERSION = YES;
				CLANG_WARN_NON_LITERAL_NULL_CONVERSION = YES;
				CLANG_WARN_OBJC_IMPLICIT_RETAIN_SELF = YES;
				CLANG_WARN_OBJC_LITERAL_CONVERSION = YES;
				CLANG_WARN_OBJC_ROOT_CLASS = YES_ERROR;
				CLANG_WARN_QUOTED_INCLUDE_IN_FRAMEWORK_HEADER = YES;
				CLANG_WARN_RANGE_LOOP_ANALYSIS = YES;
				CLANG_WARN_STRICT_PROTOTYPES = YES;
				CLANG_WARN_SUSPICIOUS_MOVE = YES;
				CLANG_WARN_UNGUARDED_AVAILABILITY = YES_AGGRESSIVE;
				CLANG_WARN_UNREACHABLE_CODE = YES;
				CLANG_WARN__DUPLICATE_METHOD_MATCH = YES;
				COPY_PHASE_STRIP = NO;
				DEBUG_INFORMATION_FORMAT = "dwarf-with-dsym";
				ENABLE_NS_ASSERTIONS = NO;
				ENABLE_STRICT_OBJC_MSGSEND = YES;
				GCC_C_LANGUAGE_STANDARD = gnu11;
				GCC_NO_COMMON_BLOCKS = YES;
				GCC_WARN_64_TO_32_BIT_CONVERSION = YES;
				GCC_WARN_ABOUT_RETURN_TYPE = YES_ERROR;
				GCC_WARN_UNDECLARED_SELECTOR = YES;
				GCC_WARN_UNINITIALIZED_AUTOS = YES_AGGRESSIVE;
				GCC_WARN_UNUSED_FUNCTION = YES;
				GCC_WARN_UNUSED_VARIABLE = YES;
				IPHONEOS_DEPLOYMENT_TARGET = 14.5;
				MTL_ENABLE_DEBUG_INFO = NO;
				MTL_FAST_MATH = YES;
				SDKROOT = iphoneos;
				SWIFT_COMPILATION_MODE = wholemodule;
				SWIFT_OPTIMIZATION_LEVEL = "-O";
				VALIDATE_PRODUCT = YES;
			};
			name = Release;
		};
		829E320C2726C15C00CBC0C8 /* Debug */ = {
			isa = XCBuildConfiguration;
			baseConfigurationReference = 9DD87D06B622A82C06474D9A /* Pods-food-share.debug.xcconfig */;
			buildSettings = {
				ASSETCATALOG_COMPILER_APPICON_NAME = AppIcon;
				ASSETCATALOG_COMPILER_GLOBAL_ACCENT_COLOR_NAME = AccentColor;
				CODE_SIGN_STYLE = Automatic;
				DEVELOPMENT_TEAM = PS8UQVS5UL;
				INFOPLIST_FILE = "food-share/Info.plist";
				LD_RUNPATH_SEARCH_PATHS = (
					"$(inherited)",
					"@executable_path/Frameworks",
				);
				PRODUCT_BUNDLE_IDENTIFIER = "bkaryna.food-share";
				PRODUCT_NAME = "$(TARGET_NAME)";
				SWIFT_VERSION = 5.0;
				TARGETED_DEVICE_FAMILY = "1,2";
			};
			name = Debug;
		};
		829E320D2726C15C00CBC0C8 /* Release */ = {
			isa = XCBuildConfiguration;
			baseConfigurationReference = FE0EC75515FAA7DF743FD8CB /* Pods-food-share.release.xcconfig */;
			buildSettings = {
				ASSETCATALOG_COMPILER_APPICON_NAME = AppIcon;
				ASSETCATALOG_COMPILER_GLOBAL_ACCENT_COLOR_NAME = AccentColor;
				CODE_SIGN_STYLE = Automatic;
				DEVELOPMENT_TEAM = PS8UQVS5UL;
				INFOPLIST_FILE = "food-share/Info.plist";
				LD_RUNPATH_SEARCH_PATHS = (
					"$(inherited)",
					"@executable_path/Frameworks",
				);
				PRODUCT_BUNDLE_IDENTIFIER = "bkaryna.food-share";
				PRODUCT_NAME = "$(TARGET_NAME)";
				SWIFT_VERSION = 5.0;
				TARGETED_DEVICE_FAMILY = "1,2";
			};
			name = Release;
		};
/* End XCBuildConfiguration section */

/* Begin XCConfigurationList section */
		829E31DC2726C15900CBC0C8 /* Build configuration list for PBXProject "food-share" */ = {
			isa = XCConfigurationList;
			buildConfigurations = (
				829E32092726C15C00CBC0C8 /* Debug */,
				829E320A2726C15C00CBC0C8 /* Release */,
			);
			defaultConfigurationIsVisible = 0;
			defaultConfigurationName = Release;
		};
		829E320B2726C15C00CBC0C8 /* Build configuration list for PBXNativeTarget "food-share" */ = {
			isa = XCConfigurationList;
			buildConfigurations = (
				829E320C2726C15C00CBC0C8 /* Debug */,
				829E320D2726C15C00CBC0C8 /* Release */,
			);
			defaultConfigurationIsVisible = 0;
			defaultConfigurationName = Release;
		};
/* End XCConfigurationList section */
	};
	rootObject = 829E31D92726C15900CBC0C8 /* Project object */;
}
